{
    "_meta": {
        "hash": {
            "sha256": "4f364a870e521073ec411c5f8a0d4cc10da414c8af445cfcb9ed52b0461e664e"
        },
        "pipfile-spec": 6,
        "requires": {
            "python_version": "3.11"
        },
        "sources": [
            {
                "name": "pypi",
                "url": "https://pypi.org/simple",
                "verify_ssl": true
            }
        ]
    },
    "default": {
        "termcolor": {
            "hashes": [
                "sha256:37b17b5fc1e604945c2642c872a3764b5d547a48009871aea3edd3afa180afb8",
                "sha256:998d8d27da6d48442e8e1f016119076b690d962507531df4890fcd2db2ef8a6f"
            ],
            "index": "pypi",
            "markers": "python_version >= '3.9'",
            "version": "==2.5.0"
        }
    },
    "develop": {}
}
